
Microsoft Visual Studio Solution File, Format Version 12.00
# Visual Studio Version 16
VisualStudioVersion = 16.0.31025.194
MinimumVisualStudioVersion = 10.0.40219.1
Project("{FAE04EC0-301F-11D3-BF4B-00C04F79EFBC}") = "Alien Blastar", "Alien Blastar\Alien Blastar.csproj", "{363C36A3-4D78-47A4-8B17-AD7F8D257E97}"
EndProject
Global
	GlobalSection(SolutionConfigurationPlatforms) = preSolution
		Debug|Any CPU = Debug|Any CPU
		Release|Any CPU = Release|Any CPU
	EndGlobalSection
	GlobalSection(ProjectConfigurationPlatforms) = postSolution
		{363C36A3-4D78-47A4-8B17-AD7F8D257E97}.Debug|Any CPU.ActiveCfg = Debug|Any CPU
		{363C36A3-4D78-47A4-8B17-AD7F8D257E97}.Debug|Any CPU.Build.0 = Debug|Any CPU
		{363C36A3-4D78-47A4-8B17-AD7F8D257E97}.Release|Any CPU.ActiveCfg = Release|Any CPU
		{363C36A3-4D78-47A4-8B17-AD7F8D257E97}.Release|Any CPU.Build.0 = Release|Any CPU
	EndGlobalSection
	GlobalSection(SolutionProperties) = preSolution
		HideSolutionNode = FALSE
	EndGlobalSection
	GlobalSection(ExtensibilityGlobals) = postSolution
		SolutionGuid = {9C89711E-FE76-4E31-BE82-7E5757A7EA0A}
	EndGlobalSection
EndGlobal
